{
  "hiddify": {
    "adopted": "2026-07-25",
    "bundle": "app.hiddify.com",
    "bundle_version": "4.1.1",
    "path": "/Applications/Hiddify.app",
    "sha256": "2019c85aef259002909a088be7bfb28032bf9ce7f932ffa597fdfe3b4cbff914",
    "teamid": "",
    "upstream_version": "4.1.1",
    "url": "https://github.com/hiddify/hiddify-app/releases/download/v4.1.1/Hiddify-MacOS.dmg",
    "version": "v4.1.1"
  }
}
